
Microsoft Visual Studio Solution File, Format Version 12.00
# Visual Studio 15
VisualStudioVersion = 15.0.26606.0
MinimumVisualStudioVersion = 10.0.40219.1
Project("{2150E333-8FDC-42A3-9474-1A3956D46DE8}") = "src", "src", "{EFFFF510-E675-4A31-B7AD-2EA3A7E60DAA}"
EndProject
Project("{FAE04EC0-301F-11D3-BF4B-00C04F79EFBC}") = "bithumb.api.n47", "source\bithumb.api.n47\bithumb.api.n47.csproj", "{CBE9655B-659C-4B6F-BC62-889BD9212685}"
EndProject
Project("{FAE04EC0-301F-11D3-BF4B-00C04F79EFBC}") = "bithumb.sample.n47", "source\bithumb.sample.n47\bithumb.sample.n47.csproj", "{436CE132-5F05-4B76-8C7D-5FC9133F87F7}"
EndProject
Global
	GlobalSection(SolutionConfigurationPlatforms) = preSolution
		Debug|Any CPU = Debug|Any CPU
		Release|Any CPU = Release|Any CPU
	EndGlobalSection
	GlobalSection(ProjectConfigurationPlatforms) = postSolution
		{CBE9655B-659C-4B6F-BC62-889BD9212685}.Debug|Any CPU.ActiveCfg = Debug|Any CPU
		{CBE9655B-659C-4B6F-BC62-889BD9212685}.Debug|Any CPU.Build.0 = Debug|Any CPU
		{CBE9655B-659C-4B6F-BC62-889BD9212685}.Release|Any CPU.ActiveCfg = Release|Any CPU
		{CBE9655B-659C-4B6F-BC62-889BD9212685}.Release|Any CPU.Build.0 = Release|Any CPU
		{436CE132-5F05-4B76-8C7D-5FC9133F87F7}.Debug|Any CPU.ActiveCfg = Debug|Any CPU
		{436CE132-5F05-4B76-8C7D-5FC9133F87F7}.Debug|Any CPU.Build.0 = Debug|Any CPU
		{436CE132-5F05-4B76-8C7D-5FC9133F87F7}.Release|Any CPU.ActiveCfg = Release|Any CPU
		{436CE132-5F05-4B76-8C7D-5FC9133F87F7}.Release|Any CPU.Build.0 = Release|Any CPU
	EndGlobalSection
	GlobalSection(SolutionProperties) = preSolution
		HideSolutionNode = FALSE
	EndGlobalSection
	GlobalSection(NestedProjects) = preSolution
		{CBE9655B-659C-4B6F-BC62-889BD9212685} = {EFFFF510-E675-4A31-B7AD-2EA3A7E60DAA}
		{436CE132-5F05-4B76-8C7D-5FC9133F87F7} = {EFFFF510-E675-4A31-B7AD-2EA3A7E60DAA}
	EndGlobalSection
EndGlobal
